
Microsoft Visual Studio Solution File, Format Version 12.00
# Visual Studio 15
Project("{FAE04EC0-301F-11D3-BF4B-00C04F79EFBC}") = "Assembly-CSharp", "Assembly-CSharp.csproj", "{BBA55681-4316-7AA9-811A-40CDF90807DF}"
EndProject
Global
	GlobalSection(SolutionConfigurationPlatforms) = preSolution
		Debug|Any CPU = Debug|Any CPU
		Release|Any CPU = Release|Any CPU
	EndGlobalSection
	GlobalSection(ProjectConfigurationPlatforms) = postSolution
		{BBA55681-4316-7AA9-811A-40CDF90807DF}.Debug|Any CPU.ActiveCfg = Debug|Any CPU
		{BBA55681-4316-7AA9-811A-40CDF90807DF}.Debug|Any CPU.Build.0 = Debug|Any CPU
		{BBA55681-4316-7AA9-811A-40CDF90807DF}.Release|Any CPU.ActiveCfg = Release|Any CPU
		{BBA55681-4316-7AA9-811A-40CDF90807DF}.Release|Any CPU.Build.0 = Release|Any CPU
	EndGlobalSection
	GlobalSection(SolutionProperties) = preSolution
		HideSolutionNode = FALSE
	EndGlobalSection
EndGlobal
